
Microsoft Visual Studio Solution File, Format Version 12.00
# Visual Studio 15
VisualStudioVersion = 15.0.28010.2036
MinimumVisualStudioVersion = 10.0.40219.1
Project("{8BC9CEB8-8B4A-11D0-8D11-00A0C91BC942}") = "120 함수 오버로딩 이해하기", "120 함수 오버로딩 이해하기\120 함수 오버로딩 이해하기.vcxproj", "{A5ABBA57-70BA-4199-A2FB-1A19848698E5}"
EndProject
Global
	GlobalSection(SolutionConfigurationPlatforms) = preSolution
		Debug|x64 = Debug|x64
		Debug|x86 = Debug|x86
		Release|x64 = Release|x64
		Release|x86 = Release|x86
	EndGlobalSection
	GlobalSection(ProjectConfigurationPlatforms) = postSolution
		{A5ABBA57-70BA-4199-A2FB-1A19848698E5}.Debug|x64.ActiveCfg = Debug|x64
		{A5ABBA57-70BA-4199-A2FB-1A19848698E5}.Debug|x64.Build.0 = Debug|x64
		{A5ABBA57-70BA-4199-A2FB-1A19848698E5}.Debug|x86.ActiveCfg = Debug|Win32
		{A5ABBA57-70BA-4199-A2FB-1A19848698E5}.Debug|x86.Build.0 = Debug|Win32
		{A5ABBA57-70BA-4199-A2FB-1A19848698E5}.Release|x64.ActiveCfg = Release|x64
		{A5ABBA57-70BA-4199-A2FB-1A19848698E5}.Release|x64.Build.0 = Release|x64
		{A5ABBA57-70BA-4199-A2FB-1A19848698E5}.Release|x86.ActiveCfg = Release|Win32
		{A5ABBA57-70BA-4199-A2FB-1A19848698E5}.Release|x86.Build.0 = Release|Win32
	EndGlobalSection
	GlobalSection(SolutionProperties) = preSolution
		HideSolutionNode = FALSE
	EndGlobalSection
	GlobalSection(ExtensibilityGlobals) = postSolution
		SolutionGuid = {434294C5-0240-49BA-9DB0-2FF3FBB91F7E}
	EndGlobalSection
EndGlobal
