
Microsoft Visual Studio Solution File, Format Version 12.00
# Visual Studio 15
VisualStudioVersion = 15.0.28010.2036
MinimumVisualStudioVersion = 10.0.40219.1
Project("{8BC9CEB8-8B4A-11D0-8D11-00A0C91BC942}") = "109 클래스 소멸자 정의하기-~-", "109 클래스 소멸자 정의하기-~-\109 클래스 소멸자 정의하기-~-.vcxproj", "{964976D1-8F04-44AC-81B0-445E16EAD6C7}"
EndProject
Global
	GlobalSection(SolutionConfigurationPlatforms) = preSolution
		Debug|x64 = Debug|x64
		Debug|x86 = Debug|x86
		Release|x64 = Release|x64
		Release|x86 = Release|x86
	EndGlobalSection
	GlobalSection(ProjectConfigurationPlatforms) = postSolution
		{964976D1-8F04-44AC-81B0-445E16EAD6C7}.Debug|x64.ActiveCfg = Debug|x64
		{964976D1-8F04-44AC-81B0-445E16EAD6C7}.Debug|x64.Build.0 = Debug|x64
		{964976D1-8F04-44AC-81B0-445E16EAD6C7}.Debug|x86.ActiveCfg = Debug|Win32
		{964976D1-8F04-44AC-81B0-445E16EAD6C7}.Debug|x86.Build.0 = Debug|Win32
		{964976D1-8F04-44AC-81B0-445E16EAD6C7}.Release|x64.ActiveCfg = Release|x64
		{964976D1-8F04-44AC-81B0-445E16EAD6C7}.Release|x64.Build.0 = Release|x64
		{964976D1-8F04-44AC-81B0-445E16EAD6C7}.Release|x86.ActiveCfg = Release|Win32
		{964976D1-8F04-44AC-81B0-445E16EAD6C7}.Release|x86.Build.0 = Release|Win32
	EndGlobalSection
	GlobalSection(SolutionProperties) = preSolution
		HideSolutionNode = FALSE
	EndGlobalSection
	GlobalSection(ExtensibilityGlobals) = postSolution
		SolutionGuid = {DFE60C80-8345-4310-BFAD-84B7A6C11CDE}
	EndGlobalSection
EndGlobal
